
Microsoft Visual Studio Solution File, Format Version 12.00
# Visual Studio 2012
Project("{070BCB52-5A75-4F8C-A973-144AF0EAFCC9}") = "Top10App", "Top10App\Top10App.iceproj", "{5098689A-B994-4BB0-9CC2-83548B4ED919}"
EndProject
Global
	GlobalSection(SolutionConfigurationPlatforms) = preSolution
		Debug|Any CPU = Debug|Any CPU
		Release|Any CPU = Release|Any CPU
	EndGlobalSection
	GlobalSection(ProjectConfigurationPlatforms) = postSolution
		{5098689A-B994-4BB0-9CC2-83548B4ED919}.Debug|Any CPU.ActiveCfg = Debug|Any CPU
		{5098689A-B994-4BB0-9CC2-83548B4ED919}.Debug|Any CPU.Build.0 = Debug|Any CPU
		{5098689A-B994-4BB0-9CC2-83548B4ED919}.Release|Any CPU.ActiveCfg = Release|Any CPU
		{5098689A-B994-4BB0-9CC2-83548B4ED919}.Release|Any CPU.Build.0 = Release|Any CPU
	EndGlobalSection
	GlobalSection(SolutionProperties) = preSolution
		HideSolutionNode = FALSE
	EndGlobalSection
EndGlobal
