
Microsoft Visual Studio Solution File, Format Version 12.00
# Visual Studio 2012
Project("{FAE04EC0-301F-11D3-BF4B-00C04F79EFBC}") = "Grr", "Grr\Grr.csproj", "{F508E5B2-349A-4218-B84C-542750E71AB5}"
EndProject
Global
	GlobalSection(SolutionConfigurationPlatforms) = preSolution
		Debug|Any CPU = Debug|Any CPU
		Release|Any CPU = Release|Any CPU
	EndGlobalSection
	GlobalSection(ProjectConfigurationPlatforms) = postSolution
		{F508E5B2-349A-4218-B84C-542750E71AB5}.Debug|Any CPU.ActiveCfg = Debug|Any CPU
		{F508E5B2-349A-4218-B84C-542750E71AB5}.Debug|Any CPU.Build.0 = Debug|Any CPU
		{F508E5B2-349A-4218-B84C-542750E71AB5}.Release|Any CPU.ActiveCfg = Release|Any CPU
		{F508E5B2-349A-4218-B84C-542750E71AB5}.Release|Any CPU.Build.0 = Release|Any CPU
	EndGlobalSection
	GlobalSection(SolutionProperties) = preSolution
		HideSolutionNode = FALSE
	EndGlobalSection
EndGlobal
